
Microsoft Visual Studio Solution File, Format Version 12.00
# Visual Studio Version 18
VisualStudioVersion = 18.0.11012.119
MinimumVisualStudioVersion = 10.0.40219.1
Project("{2150E333-8FDC-42A3-9474-1A3956D46DE8}") = "Domain-layer", "Domain-layer", "{02EA681E-C7D8-13C7-8484-4AC65E1B71E8}"
EndProject
Project("{2150E333-8FDC-42A3-9474-1A3956D46DE8}") = "Presentation-layer", "Presentation-layer", "{F0B11867-56DA-4FB5-B66B-DA2510C1C69A}"
EndProject
Project("{2150E333-8FDC-42A3-9474-1A3956D46DE8}") = "Application-layer", "Application-layer", "{3B4B3FDC-E080-4F88-9925-ACD46673C5E9}"
EndProject
Project("{2150E333-8FDC-42A3-9474-1A3956D46DE8}") = "Infrastructure-layer", "Infrastructure-layer", "{6464EE6D-8F2A-47D7-A88D-96EA99EB7985}"
EndProject
Project("{2150E333-8FDC-42A3-9474-1A3956D46DE8}") = "Common", "Common", "{6A6ADEBB-19A2-483B-A1B1-35DF3A4CFD73}"
EndProject
Project("{FAE04EC0-301F-11D3-BF4B-00C04F79EFBC}") = "G.Sync.Utils", "Utils\G.Sync.Utils.csproj", "{C1A0DADF-8302-4268-A58E-744DD7189EBA}"
EndProject
Project("{FAE04EC0-301F-11D3-BF4B-00C04F79EFBC}") = "WebApp", "WebApp\WebApp.csproj", "{99CDDB93-EA8F-4C60-84C1-21FE6927568A}"
EndProject
Project("{FAE04EC0-301F-11D3-BF4B-00C04F79EFBC}") = "G.Sync.VersionSystem", "G.Sync.VersionSystem\G.Sync.VersionSystem.csproj", "{4EDDB9AD-09E8-42DB-889C-CA85074F2819}"
EndProject
Project("{FAE04EC0-301F-11D3-BF4B-00C04F79EFBC}") = "G.Sync.DataContracts", "G.Sync.DataContracts\G.Sync.DataContracts.csproj", "{20CDC8D8-4F64-4A78-93AC-98A97E474AB2}"
EndProject
Project("{FAE04EC0-301F-11D3-BF4B-00C04F79EFBC}") = "G.Sync.TasksManagment", "G.Sync.TasksManagment\G.Sync.TasksManagment.csproj", "{3FA5275D-8A2D-47CE-8840-8DB32ED03514}"
EndProject
Project("{FAE04EC0-301F-11D3-BF4B-00C04F79EFBC}") = "G.Sync.Entities", "G.Sync.Entities\G.Sync.Entities.csproj", "{C7C8898E-5BC1-4EE5-8006-96E959A6353A}"
EndProject
Project("{FAE04EC0-301F-11D3-BF4B-00C04F79EFBC}") = "G.Sync.Repository", "G.Sync.Repository\G.Sync.Repository.csproj", "{CBA84E33-56CB-4E1A-B22E-6F9BF1D7BF13}"
EndProject
Project("{FAE04EC0-301F-11D3-BF4B-00C04F79EFBC}") = "G.Sync.Service", "G.Sync.Service\G.Sync.Service.csproj", "{81148277-4D3A-423B-8E8E-779E11C64B70}"
EndProject
Project("{FAE04EC0-301F-11D3-BF4B-00C04F79EFBC}") = "G.Sync.Common", "G.Sync.Common\G.Sync.Common.csproj", "{1FDD7726-CBCB-4CF7-B32A-C47E6DC8C5A4}"
EndProject
Project("{FAE04EC0-301F-11D3-BF4B-00C04F79EFBC}") = "G.Sync.Google.Api", "G.Sync.Google.Api\G.Sync.Google.Api.csproj", "{C2B21FC3-3EAA-4004-9F69-1C6A761E440B}"
EndProject
Project("{FAE04EC0-301F-11D3-BF4B-00C04F79EFBC}") = "G.Sync.External.IO", "G.Sync.External.IO\G.Sync.External.IO.csproj", "{16853ECA-0AEE-4EE4-9F98-26CE3684A2CA}"
EndProject
Project("{FAE04EC0-301F-11D3-BF4B-00C04F79EFBC}") = "AppStartTest", "AppStartTest\AppStartTest.csproj", "{347FF3DB-B3C5-48A9-9641-E1519F1318BC}"
EndProject
Global
	GlobalSection(SolutionConfigurationPlatforms) = preSolution
		Debug|Any CPU = Debug|Any CPU
		Release|Any CPU = Release|Any CPU
	EndGlobalSection
	GlobalSection(ProjectConfigurationPlatforms) = postSolution
		{C1A0DADF-8302-4268-A58E-744DD7189EBA}.Debug|Any CPU.ActiveCfg = Debug|Any CPU
		{C1A0DADF-8302-4268-A58E-744DD7189EBA}.Debug|Any CPU.Build.0 = Debug|Any CPU
		{C1A0DADF-8302-4268-A58E-744DD7189EBA}.Release|Any CPU.ActiveCfg = Release|Any CPU
		{C1A0DADF-8302-4268-A58E-744DD7189EBA}.Release|Any CPU.Build.0 = Release|Any CPU
		{99CDDB93-EA8F-4C60-84C1-21FE6927568A}.Debug|Any CPU.ActiveCfg = Debug|Any CPU
		{99CDDB93-EA8F-4C60-84C1-21FE6927568A}.Debug|Any CPU.Build.0 = Debug|Any CPU
		{99CDDB93-EA8F-4C60-84C1-21FE6927568A}.Release|Any CPU.ActiveCfg = Release|Any CPU
		{99CDDB93-EA8F-4C60-84C1-21FE6927568A}.Release|Any CPU.Build.0 = Release|Any CPU
		{4EDDB9AD-09E8-42DB-889C-CA85074F2819}.Debug|Any CPU.ActiveCfg = Debug|Any CPU
		{4EDDB9AD-09E8-42DB-889C-CA85074F2819}.Debug|Any CPU.Build.0 = Debug|Any CPU
		{4EDDB9AD-09E8-42DB-889C-CA85074F2819}.Release|Any CPU.ActiveCfg = Release|Any CPU
		{4EDDB9AD-09E8-42DB-889C-CA85074F2819}.Release|Any CPU.Build.0 = Release|Any CPU
		{20CDC8D8-4F64-4A78-93AC-98A97E474AB2}.Debug|Any CPU.ActiveCfg = Debug|Any CPU
		{20CDC8D8-4F64-4A78-93AC-98A97E474AB2}.Debug|Any CPU.Build.0 = Debug|Any CPU
		{20CDC8D8-4F64-4A78-93AC-98A97E474AB2}.Release|Any CPU.ActiveCfg = Release|Any CPU
		{20CDC8D8-4F64-4A78-93AC-98A97E474AB2}.Release|Any CPU.Build.0 = Release|Any CPU
		{3FA5275D-8A2D-47CE-8840-8DB32ED03514}.Debug|Any CPU.ActiveCfg = Debug|Any CPU
		{3FA5275D-8A2D-47CE-8840-8DB32ED03514}.Debug|Any CPU.Build.0 = Debug|Any CPU
		{3FA5275D-8A2D-47CE-8840-8DB32ED03514}.Release|Any CPU.ActiveCfg = Release|Any CPU
		{3FA5275D-8A2D-47CE-8840-8DB32ED03514}.Release|Any CPU.Build.0 = Release|Any CPU
		{C7C8898E-5BC1-4EE5-8006-96E959A6353A}.Debug|Any CPU.ActiveCfg = Debug|Any CPU
		{C7C8898E-5BC1-4EE5-8006-96E959A6353A}.Debug|Any CPU.Build.0 = Debug|Any CPU
		{C7C8898E-5BC1-4EE5-8006-96E959A6353A}.Release|Any CPU.ActiveCfg = Release|Any CPU
		{C7C8898E-5BC1-4EE5-8006-96E959A6353A}.Release|Any CPU.Build.0 = Release|Any CPU
		{CBA84E33-56CB-4E1A-B22E-6F9BF1D7BF13}.Debug|Any CPU.ActiveCfg = Debug|Any CPU
		{CBA84E33-56CB-4E1A-B22E-6F9BF1D7BF13}.Debug|Any CPU.Build.0 = Debug|Any CPU
		{CBA84E33-56CB-4E1A-B22E-6F9BF1D7BF13}.Release|Any CPU.ActiveCfg = Release|Any CPU
		{CBA84E33-56CB-4E1A-B22E-6F9BF1D7BF13}.Release|Any CPU.Build.0 = Release|Any CPU
		{81148277-4D3A-423B-8E8E-779E11C64B70}.Debug|Any CPU.ActiveCfg = Debug|Any CPU
		{81148277-4D3A-423B-8E8E-779E11C64B70}.Debug|Any CPU.Build.0 = Debug|Any CPU
		{81148277-4D3A-423B-8E8E-779E11C64B70}.Release|Any CPU.ActiveCfg = Release|Any CPU
		{81148277-4D3A-423B-8E8E-779E11C64B70}.Release|Any CPU.Build.0 = Release|Any CPU
		{1FDD7726-CBCB-4CF7-B32A-C47E6DC8C5A4}.Debug|Any CPU.ActiveCfg = Debug|Any CPU
		{1FDD7726-CBCB-4CF7-B32A-C47E6DC8C5A4}.Debug|Any CPU.Build.0 = Debug|Any CPU
		{1FDD7726-CBCB-4CF7-B32A-C47E6DC8C5A4}.Release|Any CPU.ActiveCfg = Release|Any CPU
		{1FDD7726-CBCB-4CF7-B32A-C47E6DC8C5A4}.Release|Any CPU.Build.0 = Release|Any CPU
		{C2B21FC3-3EAA-4004-9F69-1C6A761E440B}.Debug|Any CPU.ActiveCfg = Debug|Any CPU
		{C2B21FC3-3EAA-4004-9F69-1C6A761E440B}.Debug|Any CPU.Build.0 = Debug|Any CPU
		{C2B21FC3-3EAA-4004-9F69-1C6A761E440B}.Release|Any CPU.ActiveCfg = Release|Any CPU
		{C2B21FC3-3EAA-4004-9F69-1C6A761E440B}.Release|Any CPU.Build.0 = Release|Any CPU
		{16853ECA-0AEE-4EE4-9F98-26CE3684A2CA}.Debug|Any CPU.ActiveCfg = Debug|Any CPU
		{16853ECA-0AEE-4EE4-9F98-26CE3684A2CA}.Debug|Any CPU.Build.0 = Debug|Any CPU
		{16853ECA-0AEE-4EE4-9F98-26CE3684A2CA}.Release|Any CPU.ActiveCfg = Release|Any CPU
		{16853ECA-0AEE-4EE4-9F98-26CE3684A2CA}.Release|Any CPU.Build.0 = Release|Any CPU
		{347FF3DB-B3C5-48A9-9641-E1519F1318BC}.Debug|Any CPU.ActiveCfg = Debug|Any CPU
		{347FF3DB-B3C5-48A9-9641-E1519F1318BC}.Debug|Any CPU.Build.0 = Debug|Any CPU
		{347FF3DB-B3C5-48A9-9641-E1519F1318BC}.Release|Any CPU.ActiveCfg = Release|Any CPU
		{347FF3DB-B3C5-48A9-9641-E1519F1318BC}.Release|Any CPU.Build.0 = Release|Any CPU
	EndGlobalSection
	GlobalSection(SolutionProperties) = preSolution
		HideSolutionNode = FALSE
	EndGlobalSection
	GlobalSection(NestedProjects) = preSolution
		{C1A0DADF-8302-4268-A58E-744DD7189EBA} = {6A6ADEBB-19A2-483B-A1B1-35DF3A4CFD73}
		{99CDDB93-EA8F-4C60-84C1-21FE6927568A} = {F0B11867-56DA-4FB5-B66B-DA2510C1C69A}
		{4EDDB9AD-09E8-42DB-889C-CA85074F2819} = {3B4B3FDC-E080-4F88-9925-ACD46673C5E9}
		{20CDC8D8-4F64-4A78-93AC-98A97E474AB2} = {3B4B3FDC-E080-4F88-9925-ACD46673C5E9}
		{3FA5275D-8A2D-47CE-8840-8DB32ED03514} = {6464EE6D-8F2A-47D7-A88D-96EA99EB7985}
		{C7C8898E-5BC1-4EE5-8006-96E959A6353A} = {02EA681E-C7D8-13C7-8484-4AC65E1B71E8}
		{CBA84E33-56CB-4E1A-B22E-6F9BF1D7BF13} = {6464EE6D-8F2A-47D7-A88D-96EA99EB7985}
		{81148277-4D3A-423B-8E8E-779E11C64B70} = {3B4B3FDC-E080-4F88-9925-ACD46673C5E9}
		{1FDD7726-CBCB-4CF7-B32A-C47E6DC8C5A4} = {6464EE6D-8F2A-47D7-A88D-96EA99EB7985}
		{C2B21FC3-3EAA-4004-9F69-1C6A761E440B} = {6464EE6D-8F2A-47D7-A88D-96EA99EB7985}
		{16853ECA-0AEE-4EE4-9F98-26CE3684A2CA} = {6464EE6D-8F2A-47D7-A88D-96EA99EB7985}
		{347FF3DB-B3C5-48A9-9641-E1519F1318BC} = {3B4B3FDC-E080-4F88-9925-ACD46673C5E9}
	EndGlobalSection
	GlobalSection(ExtensibilityGlobals) = postSolution
		SolutionGuid = {8B25F4CC-2012-4F86-ADC2-039E5EAB6C98}
	EndGlobalSection
EndGlobal
